
Microsoft Visual Studio Solution File, Format Version 12.00
# Visual Studio Version 17
VisualStudioVersion = 17.7.34009.444
MinimumVisualStudioVersion = 10.0.40219.1
Project("{FAE04EC0-301F-11D3-BF4B-00C04F79EFBC}") = "ToDoList", "ToDoList\ToDoList.csproj", "{EA3A7C7D-B66E-47A1-AF56-87A68C57826D}"
EndProject
Global
	GlobalSection(SolutionConfigurationPlatforms) = preSolution
		Debug|Any CPU = Debug|Any CPU
		Release|Any CPU = Release|Any CPU
	EndGlobalSection
	GlobalSection(ProjectConfigurationPlatforms) = postSolution
		{EA3A7C7D-B66E-47A1-AF56-87A68C57826D}.Debug|Any CPU.ActiveCfg = Debug|Any CPU
		{EA3A7C7D-B66E-47A1-AF56-87A68C57826D}.Debug|Any CPU.Build.0 = Debug|Any CPU
		{EA3A7C7D-B66E-47A1-AF56-87A68C57826D}.Release|Any CPU.ActiveCfg = Release|Any CPU
		{EA3A7C7D-B66E-47A1-AF56-87A68C57826D}.Release|Any CPU.Build.0 = Release|Any CPU
	EndGlobalSection
	GlobalSection(SolutionProperties) = preSolution
		HideSolutionNode = FALSE
	EndGlobalSection
	GlobalSection(ExtensibilityGlobals) = postSolution
		SolutionGuid = {2D72737B-C406-4559-983F-AB1FE4B3A074}
	EndGlobalSection
EndGlobal
